
Microsoft Visual Studio Solution File, Format Version 12.00
# Visual Studio Version 16
VisualStudioVersion = 16.0.30804.86
MinimumVisualStudioVersion = 10.0.40219.1
Project("{FAE04EC0-301F-11D3-BF4B-00C04F79EFBC}") = "Demo1", "Demo1\Demo1.csproj", "{E7569C86-45FE-4E60-95C2-890FCB3A8FE0}"
EndProject
Project("{FAE04EC0-301F-11D3-BF4B-00C04F79EFBC}") = "Demo2", "Demo2\Demo2.csproj", "{5A712519-0D65-4DC5-A661-C2E68C763513}"
EndProject
Global
	GlobalSection(SolutionConfigurationPlatforms) = preSolution
		Debug|Any CPU = Debug|Any CPU
		Release|Any CPU = Release|Any CPU
	EndGlobalSection
	GlobalSection(ProjectConfigurationPlatforms) = postSolution
		{E7569C86-45FE-4E60-95C2-890FCB3A8FE0}.Debug|Any CPU.ActiveCfg = Debug|Any CPU
		{E7569C86-45FE-4E60-95C2-890FCB3A8FE0}.Debug|Any CPU.Build.0 = Debug|Any CPU
		{E7569C86-45FE-4E60-95C2-890FCB3A8FE0}.Release|Any CPU.ActiveCfg = Release|Any CPU
		{E7569C86-45FE-4E60-95C2-890FCB3A8FE0}.Release|Any CPU.Build.0 = Release|Any CPU
		{5A712519-0D65-4DC5-A661-C2E68C763513}.Debug|Any CPU.ActiveCfg = Debug|Any CPU
		{5A712519-0D65-4DC5-A661-C2E68C763513}.Debug|Any CPU.Build.0 = Debug|Any CPU
		{5A712519-0D65-4DC5-A661-C2E68C763513}.Release|Any CPU.ActiveCfg = Release|Any CPU
		{5A712519-0D65-4DC5-A661-C2E68C763513}.Release|Any CPU.Build.0 = Release|Any CPU
	EndGlobalSection
	GlobalSection(SolutionProperties) = preSolution
		HideSolutionNode = FALSE
	EndGlobalSection
	GlobalSection(ExtensibilityGlobals) = postSolution
		SolutionGuid = {E4560DCE-2D78-4C5E-85FE-C1C235107826}
	EndGlobalSection
EndGlobal
